// !$*UTF8*$!
{
	archiveVersion = 1;
	classes = {
	};
	objectVersion = 46;
	objects = {

/* Begin PBXBuildFile section */
		5056667614BE8D2E00B77812 /* UIKit.framework in Frameworks */ = {isa = PBXBuildFile; fileRef = 5056667514BE8D2E00B77812 /* UIKit.framework */; };
		5056667814BE8D2E00B77812 /* Foundation.framework in Frameworks */ = {isa = PBXBuildFile; fileRef = 5056667714BE8D2E00B77812 /* Foundation.framework */; };
		5056667A14BE8D2E00B77812 /* CoreGraphics.framework in Frameworks */ = {isa = PBXBuildFile; fileRef = 5056667914BE8D2E00B77812 /* CoreGraphics.framework */; };
		5056668014BE8D2E00B77812 /* InfoPlist.strings in Resources */ = {isa = PBXBuildFile; fileRef = 5056667E14BE8D2E00B77812 /* InfoPlist.strings */; };
		5056668214BE8D2E00B77812 /* main.m in Sources */ = {isa = PBXBuildFile; fileRef = 5056668114BE8D2E00B77812 /* main.m */; };
		5056668614BE8D2E00B77812 /* AppDelegate.m in Sources */ = {isa = PBXBuildFile; fileRef = 5056668514BE8D2E00B77812 /* AppDelegate.m */; };
		5056668914BE8D2E00B77812 /* RootViewController.m in Sources */ = {isa = PBXBuildFile; fileRef = 5056668814BE8D2E00B77812 /* RootViewController.m */; };
		5056668F14BE8D2E00B77812 /* ModelController.m in Sources */ = {isa = PBXBuildFile; fileRef = 5056668E14BE8D2E00B77812 /* ModelController.m */; };
		5056669214BE8D2E00B77812 /* MainStoryboard.storyboard in Resources */ = {isa = PBXBuildFile; fileRef = 5056669014BE8D2E00B77812 /* MainStoryboard.storyboard */; };
/* End PBXBuildFile section */

/* Begin PBXFileReference section */
		5056667114BE8D2E00B77812 /* LineUp.app */ = {isa = PBXFileReference; explicitFileType = wrapper.application; includeInIndex = 0; path = LineUp.app; sourceTree = BUILT_PRODUCTS_DIR; };
		5056667514BE8D2E00B77812 /* UIKit.framework */ = {isa = PBXFileReference; lastKnownFileType = wrapper.framework; name = UIKit.framework; path = System/Library/Frameworks/UIKit.framework; sourceTree = SDKROOT; };
		5056667714BE8D2E00B77812 /* Foundation.framework */ = {isa = PBXFileReference; lastKnownFileType = wrapper.framework; name = Foundation.framework; path = System/Library/Frameworks/Foundation.framework; sourceTree = SDKROOT; };
		5056667914BE8D2E00B77812 /* CoreGraphics.framework */ = {isa = PBXFileReference; lastKnownFileType = wrapper.framework; name = CoreGraphics.framework; path = System/Library/Frameworks/CoreGraphics.framework; sourceTree = SDKROOT; };
		5056667D14BE8D2E00B77812 /* LineUp-Info.plist */ = {isa = PBXFileReference; lastKnownFileType = text.plist.xml; path = "LineUp-Info.plist"; sourceTree = "<group>"; };
		5056667F14BE8D2E00B77812 /* en */ = {isa = PBXFileReference; lastKnownFileType = text.plist.strings; name = en; path = en.lproj/InfoPlist.strings; sourceTree = "<group>"; };
		5056668114BE8D2E00B77812 /* main.m */ = {isa = PBXFileReference; lastKnownFileType = sourcecode.c.objc; path = main.m; sourceTree = "<group>"; };
		5056668314BE8D2E00B77812 /* LineUp-Prefix.pch */ = {isa = PBXFileReference; lastKnownFileType = sourcecode.c.h; path = "LineUp-Prefix.pch"; sourceTree = "<group>"; };
		5056668414BE8D2E00B77812 /* AppDelegate.h */ = {isa = PBXFileReference; lastKnownFileType = sourcecode.c.h; path = AppDelegate.h; sourceTree = "<group>"; };
		5056668514BE8D2E00B77812 /* AppDelegate.m */ = {isa = PBXFileReference; lastKnownFileType = sourcecode.c.objc; path = AppDelegate.m; sourceTree = "<group>"; };
		5056668714BE8D2E00B77812 /* RootViewController.h */ = {isa = PBXFileReference; lastKnownFileType = sourcecode.c.h; path = RootViewController.h; sourceTree = "<group>"; };
		5056668814BE8D2E00B77812 /* RootViewController.m */ = {isa = PBXFileReference; lastKnownFileType = sourcecode.c.objc; path = RootViewController.m; sourceTree = "<group>"; };
		5056668D14BE8D2E00B77812 /* ModelController.h */ = {isa = PBXFileReference; lastKnownFileType = sourcecode.c.h; path = ModelController.h; sourceTree = "<group>"; };
		5056668E14BE8D2E00B77812 /* ModelController.m */ = {isa = PBXFileReference; lastKnownFileType = sourcecode.c.objc; path = ModelController.m; sourceTree = "<group>"; };
		5056669114BE8D2E00B77812 /* en */ = {isa = PBXFileReference; lastKnownFileType = file.storyboard; name = en; path = en.lproj/MainStoryboard.storyboard; sourceTree = "<group>"; };
/* End PBXFileReference section */

/* Begin PBXFrameworksBuildPhase section */
		5056666E14BE8D2E00B77812 /* Frameworks */ = {
			isa = PBXFrameworksBuildPhase;
			buildActionMask = 2147483647;
			files = (
				5056667614BE8D2E00B77812 /* UIKit.framework in Frameworks */,
				5056667814BE8D2E00B77812 /* Foundation.framework in Frameworks */,
				5056667A14BE8D2E00B77812 /* CoreGraphics.framework in Frameworks */,
			);
			runOnlyForDeploymentPostprocessing = 0;
		};
/* End PBXFrameworksBuildPhase section */

/* Begin PBXGroup section */
		5056666614BE8D2E00B77812 = {
			isa = PBXGroup;
			children = (
				5056667B14BE8D2E00B77812 /* LineUp */,
				5056667414BE8D2E00B77812 /* Frameworks */,
				5056667214BE8D2E00B77812 /* Products */,
			);
			sourceTree = "<group>";
		};
		5056667214BE8D2E00B77812 /* Products */ = {
			isa = PBXGroup;
			children = (
				5056667114BE8D2E00B77812 /* LineUp.app */,
			);
			name = Products;
			sourceTree = "<group>";
		};
		5056667414BE8D2E00B77812 /* Frameworks */ = {
			isa = PBXGroup;
			children = (
				5056667514BE8D2E00B77812 /* UIKit.framework */,
				5056667714BE8D2E00B77812 /* Foundation.framework */,
				5056667914BE8D2E00B77812 /* CoreGraphics.framework */,
			);
			name = Frameworks;
			sourceTree = "<group>";
		};
		5056667B14BE8D2E00B77812 /* LineUp */ = {
			isa = PBXGroup;
			children = (
				5056668414BE8D2E00B77812 /* AppDelegate.h */,
				5056668514BE8D2E00B77812 /* AppDelegate.m */,
				5056668714BE8D2E00B77812 /* RootViewController.h */,
				5056668814BE8D2E00B77812 /* RootViewController.m */,
				5056668D14BE8D2E00B77812 /* ModelController.h */,
				5056668E14BE8D2E00B77812 /* ModelController.m */,
				5056669014BE8D2E00B77812 /* MainStoryboard.storyboard */,
				5056667C14BE8D2E00B77812 /* Supporting Files */,
			);
			path = LineUp;
			sourceTree = "<group>";
		};
		5056667C14BE8D2E00B77812 /* Supporting Files */ = {
			isa = PBXGroup;
			children = (
				5056667D14BE8D2E00B77812 /* LineUp-Info.plist */,
				5056667E14BE8D2E00B77812 /* InfoPlist.strings */,
				5056668114BE8D2E00B77812 /* main.m */,
				5056668314BE8D2E00B77812 /* LineUp-Prefix.pch */,
			);
			name = "Supporting Files";
			sourceTree = "<group>";
		};
/* End PBXGroup section */

/* Begin PBXNativeTarget section */
		5056667014BE8D2E00B77812 /* LineUp */ = {
			isa = PBXNativeTarget;
			buildConfigurationList = 5056669514BE8D2E00B77812 /* Build configuration list for PBXNativeTarget "LineUp" */;
			buildPhases = (
				5056666D14BE8D2E00B77812 /* Sources */,
				5056666E14BE8D2E00B77812 /* Frameworks */,
				5056666F14BE8D2E00B77812 /* Resources */,
			);
			buildRules = (
			);
			dependencies = (
			);
			name = LineUp;
			productName = LineUp;
			productReference = 5056667114BE8D2E00B77812 /* LineUp.app */;
			productType = "com.apple.product-type.application";
		};
/* End PBXNativeTarget section */

/* Begin PBXProject section */
		5056666814BE8D2E00B77812 /* Project object */ = {
			isa = PBXProject;
			attributes = {
				LastUpgradeCheck = 0420;
			};
			buildConfigurationList = 5056666B14BE8D2E00B77812 /* Build configuration list for PBXProject "LineUp" */;
			compatibilityVersion = "Xcode 3.2";
			developmentRegion = English;
			hasScannedForEncodings = 0;
			knownRegions = (
				en,
			);
			mainGroup = 5056666614BE8D2E00B77812;
			productRefGroup = 5056667214BE8D2E00B77812 /* Products */;
			projectDirPath = "";
			projectRoot = "";
			targets = (
				5056667014BE8D2E00B77812 /* LineUp */,
			);
		};
/* End PBXProject section */

/* Begin PBXResourcesBuildPhase section */
		5056666F14BE8D2E00B77812 /* Resources */ = {
			isa = PBXResourcesBuildPhase;
			buildActionMask = 2147483647;
			files = (
				5056668014BE8D2E00B77812 /* InfoPlist.strings in Resources */,
				5056669214BE8D2E00B77812 /* MainStoryboard.storyboard in Resources */,
			);
			runOnlyForDeploymentPostprocessing = 0;
		};
/* End PBXResourcesBuildPhase section */

/* Begin PBXSourcesBuildPhase section */
		5056666D14BE8D2E00B77812 /* Sources */ = {
			isa = PBXSourcesBuildPhase;
			buildActionMask = 2147483647;
			files = (
				5056668214BE8D2E00B77812 /* main.m in Sources */,
				5056668614BE8D2E00B77812 /* AppDelegate.m in Sources */,
				5056668914BE8D2E00B77812 /* RootViewController.m in Sources */,
				5056668F14BE8D2E00B77812 /* ModelController.m in Sources */,
			);
			runOnlyForDeploymentPostprocessing = 0;
		};
/* End PBXSourcesBuildPhase section */

/* Begin PBXVariantGroup section */
		5056667E14BE8D2E00B77812 /* InfoPlist.strings */ = {
			isa = PBXVariantGroup;
			children = (
				5056667F14BE8D2E00B77812 /* en */,
			);
			name = InfoPlist.strings;
			sourceTree = "<group>";
		};
		5056669014BE8D2E00B77812 /* MainStoryboard.storyboard */ = {
			isa = PBXVariantGroup;
			children = (
				5056669114BE8D2E00B77812 /* en */,
			);
			name = MainStoryboard.storyboard;
			sourceTree = "<group>";
		};
/* End PBXVariantGroup section */

/* Begin XCBuildConfiguration section */
		5056669314BE8D2E00B77812 /* Debug */ = {
			isa = XCBuildConfiguration;
			buildSettings = {
				ALWAYS_SEARCH_USER_PATHS = NO;
				ARCHS = "$(ARCHS_STANDARD_32_BIT)";
				CLANG_ENABLE_OBJC_ARC = YES;
				"CODE_SIGN_IDENTITY[sdk=iphoneos*]" = "iPhone Developer";
				COPY_PHASE_STRIP = NO;
				GCC_C_LANGUAGE_STANDARD = gnu99;
				GCC_DYNAMIC_NO_PIC = NO;
				GCC_OPTIMIZATION_LEVEL = 0;
				GCC_PREPROCESSOR_DEFINITIONS = (
					"DEBUG=1",
					"$(inherited)",
				);
				GCC_SYMBOLS_PRIVATE_EXTERN = NO;
				GCC_VERSION = com.apple.compilers.llvm.clang.1_0;
				GCC_WARN_ABOUT_MISSING_PROTOTYPES = YES;
				GCC_WARN_ABOUT_RETURN_TYPE = YES;
				GCC_WARN_UNUSED_VARIABLE = YES;
				IPHONEOS_DEPLOYMENT_TARGET = 5.0;
				SDKROOT = iphoneos;
			};
			name = Debug;
		};
		5056669414BE8D2E00B77812 /* Release */ = {
			isa = XCBuildConfiguration;
			buildSettings = {
				ALWAYS_SEARCH_USER_PATHS = NO;
				ARCHS = "$(ARCHS_STANDARD_32_BIT)";
				CLANG_ENABLE_OBJC_ARC = YES;
				"CODE_SIGN_IDENTITY[sdk=iphoneos*]" = "iPhone Developer";
				COPY_PHASE_STRIP = YES;
				GCC_C_LANGUAGE_STANDARD = gnu99;
				GCC_VERSION = com.apple.compilers.llvm.clang.1_0;
				GCC_WARN_ABOUT_MISSING_PROTOTYPES = YES;
				GCC_WARN_ABOUT_RETURN_TYPE = YES;
				GCC_WARN_UNUSED_VARIABLE = YES;
				IPHONEOS_DEPLOYMENT_TARGET = 5.0;
				OTHER_CFLAGS = "-DNS_BLOCK_ASSERTIONS=1";
				SDKROOT = iphoneos;
				VALIDATE_PRODUCT = YES;
			};
			name = Release;
		};
		5056669614BE8D2E00B77812 /* Debug */ = {
			isa = XCBuildConfiguration;
			buildSettings = {
				GCC_PRECOMPILE_PREFIX_HEADER = YES;
				GCC_PREFIX_HEADER = "LineUp/LineUp-Prefix.pch";
				INFOPLIST_FILE = "LineUp/LineUp-Info.plist";
				PRODUCT_NAME = "$(TARGET_NAME)";
				WRAPPER_EXTENSION = app;
			};
			name = Debug;
		};
		5056669714BE8D2E00B77812 /* Release */ = {
			isa = XCBuildConfiguration;
			buildSettings = {
				GCC_PRECOMPILE_PREFIX_HEADER = YES;
				GCC_PREFIX_HEADER = "LineUp/LineUp-Prefix.pch";
				INFOPLIST_FILE = "LineUp/LineUp-Info.plist";
				PRODUCT_NAME = "$(TARGET_NAME)";
				WRAPPER_EXTENSION = app;
			};
			name = Release;
		};
/* End XCBuildConfiguration section */

/* Begin XCConfigurationList section */
		5056666B14BE8D2E00B77812 /* Build configuration list for PBXProject "LineUp" */ = {
			isa = XCConfigurationList;
			buildConfigurations = (
				5056669314BE8D2E00B77812 /* Debug */,
				5056669414BE8D2E00B77812 /* Release */,
			);
			defaultConfigurationIsVisible = 0;
			defaultConfigurationName = Release;
		};
		5056669514BE8D2E00B77812 /* Build configuration list for PBXNativeTarget "LineUp" */ = {
			isa = XCConfigurationList;
			buildConfigurations = (
				5056669614BE8D2E00B77812 /* Debug */,
				5056669714BE8D2E00B77812 /* Release */,
			);
			defaultConfigurationIsVisible = 0;
		};
/* End XCConfigurationList section */
	};
	rootObject = 5056666814BE8D2E00B77812 /* Project object */;
}
