// !$*UTF8*$!
{
	archiveVersion = 1;
	classes = {
	};
	objectVersion = 46;
	objects = {

/* Begin PBXBuildFile section */
		1F118C7414D8C2BA00357394 /* UIView+IDAdditions.m in Sources */ = {isa = PBXBuildFile; fileRef = 1F118C7314D8C2BA00357394 /* UIView+IDAdditions.m */; };
		1F18833714FC89AB009D7831 /* RefreshArrow.png in Resources */ = {isa = PBXBuildFile; fileRef = 1F18833314FC89AB009D7831 /* RefreshArrow.png */; };
		1F18833814FC89AB009D7831 /* RefreshArrow@2x.png in Resources */ = {isa = PBXBuildFile; fileRef = 1F18833414FC89AB009D7831 /* RefreshArrow@2x.png */; };
		1F18833914FC89AB009D7831 /* RefreshText.png in Resources */ = {isa = PBXBuildFile; fileRef = 1F18833514FC89AB009D7831 /* RefreshText.png */; };
		1F18833A14FC89AB009D7831 /* RefreshText@2x.png in Resources */ = {isa = PBXBuildFile; fileRef = 1F18833614FC89AB009D7831 /* RefreshText@2x.png */; };
		1F458BC414C92FF100BFF25D /* NSData+Base64.m in Sources */ = {isa = PBXBuildFile; fileRef = 1F458BC114C92FF100BFF25D /* NSData+Base64.m */; settings = {COMPILER_FLAGS = "-fno-objc-arc"; }; };
		1F458BC514C92FF100BFF25D /* UADeviceManager.m in Sources */ = {isa = PBXBuildFile; fileRef = 1F458BC314C92FF100BFF25D /* UADeviceManager.m */; settings = {COMPILER_FLAGS = "-fno-objc-arc"; }; };
		1F458BC814C9316600BFF25D /* IDAppModel.m in Sources */ = {isa = PBXBuildFile; fileRef = 1F458BC714C9316600BFF25D /* IDAppModel.m */; };
		1F5D951A14C914B6009B2373 /* IDRefreshHeaderView.m in Sources */ = {isa = PBXBuildFile; fileRef = 1F5D951914C914B6009B2373 /* IDRefreshHeaderView.m */; };
		1F959EBD14D0FB0600CEDDF5 /* Avenir Medium.otf in Resources */ = {isa = PBXBuildFile; fileRef = 1F959EBC14D0FB0600CEDDF5 /* Avenir Medium.otf */; };
		1F959EC114D0FCD000CEDDF5 /* Circle.png in Resources */ = {isa = PBXBuildFile; fileRef = 1F959EBF14D0FCD000CEDDF5 /* Circle.png */; };
		1F959EC214D0FCD000CEDDF5 /* Circle@2x.png in Resources */ = {isa = PBXBuildFile; fileRef = 1F959EC014D0FCD000CEDDF5 /* Circle@2x.png */; };
		1FB1F1E714CB856800D1F40E /* QuartzCore.framework in Frameworks */ = {isa = PBXBuildFile; fileRef = 1FB1F1E614CB856800D1F40E /* QuartzCore.framework */; };
		1FC168B214D09FBD00A0DC48 /* IDTeamInfo.m in Sources */ = {isa = PBXBuildFile; fileRef = 1FC168B114D09FBD00A0DC48 /* IDTeamInfo.m */; };
		1FC168B614D0A23400A0DC48 /* IDPlayerInfo.m in Sources */ = {isa = PBXBuildFile; fileRef = 1FC168B514D0A23400A0DC48 /* IDPlayerInfo.m */; };
		1FD845A614FF1F0100DD90C2 /* Reds.png in Resources */ = {isa = PBXBuildFile; fileRef = 1FD845A414FF1F0100DD90C2 /* Reds.png */; };
		1FD845A714FF1F0100DD90C2 /* Reds@2x.png in Resources */ = {isa = PBXBuildFile; fileRef = 1FD845A514FF1F0100DD90C2 /* Reds@2x.png */; };
		1FE247D714C9060000CBF975 /* BackgroundScroll.png in Resources */ = {isa = PBXBuildFile; fileRef = 1FE247D514C9060000CBF975 /* BackgroundScroll.png */; };
		1FE247D814C9060000CBF975 /* BackgroundScroll@2x.png in Resources */ = {isa = PBXBuildFile; fileRef = 1FE247D614C9060000CBF975 /* BackgroundScroll@2x.png */; };
		505666A814BE91F400B77812 /* UIKit.framework in Frameworks */ = {isa = PBXBuildFile; fileRef = 505666A714BE91F400B77812 /* UIKit.framework */; };
		505666AA14BE91F400B77812 /* Foundation.framework in Frameworks */ = {isa = PBXBuildFile; fileRef = 505666A914BE91F400B77812 /* Foundation.framework */; };
		505666AC14BE91F400B77812 /* CoreGraphics.framework in Frameworks */ = {isa = PBXBuildFile; fileRef = 505666AB14BE91F400B77812 /* CoreGraphics.framework */; };
		505666B214BE91F400B77812 /* InfoPlist.strings in Resources */ = {isa = PBXBuildFile; fileRef = 505666B014BE91F400B77812 /* InfoPlist.strings */; };
		505666B414BE91F400B77812 /* main.m in Sources */ = {isa = PBXBuildFile; fileRef = 505666B314BE91F400B77812 /* main.m */; };
		505666B814BE91F400B77812 /* IDAppDelegate.m in Sources */ = {isa = PBXBuildFile; fileRef = 505666B714BE91F400B77812 /* IDAppDelegate.m */; };
		505666BB14BE91F400B77812 /* MainStoryboard.storyboard in Resources */ = {isa = PBXBuildFile; fileRef = 505666B914BE91F400B77812 /* MainStoryboard.storyboard */; };
		6E87CE6614C782A70094D10C /* IDLineupViewController.m in Sources */ = {isa = PBXBuildFile; fileRef = 6E87CE5E14C782A70094D10C /* IDLineupViewController.m */; };
		6E87CE6714C782A70094D10C /* JOURNAL.TTF in Resources */ = {isa = PBXBuildFile; fileRef = 6E87CE6114C782A70094D10C /* JOURNAL.TTF */; };
		6E87CE6C14C782EA0094D10C /* Default@2x.png in Resources */ = {isa = PBXBuildFile; fileRef = 6E87CE6A14C782EA0094D10C /* Default@2x.png */; };
		6E87CE6D14C782EA0094D10C /* Icon@2x.png in Resources */ = {isa = PBXBuildFile; fileRef = 6E87CE6B14C782EA0094D10C /* Icon@2x.png */; };
		6E87CE7014C7851E0094D10C /* Default.png in Resources */ = {isa = PBXBuildFile; fileRef = 6E87CE6E14C7851E0094D10C /* Default.png */; };
		6E87CE7114C7851E0094D10C /* Icon.png in Resources */ = {isa = PBXBuildFile; fileRef = 6E87CE6F14C7851E0094D10C /* Icon.png */; };
		6E87CE7614C785250094D10C /* Background.png in Resources */ = {isa = PBXBuildFile; fileRef = 6E87CE7214C785250094D10C /* Background.png */; };
		6E87CE7714C785250094D10C /* Background@2x.png in Resources */ = {isa = PBXBuildFile; fileRef = 6E87CE7314C785250094D10C /* Background@2x.png */; };
		6E87CE7814C785250094D10C /* OptionsButton.png in Resources */ = {isa = PBXBuildFile; fileRef = 6E87CE7414C785250094D10C /* OptionsButton.png */; };
		6E87CE7914C785250094D10C /* OptionsButton@2x.png in Resources */ = {isa = PBXBuildFile; fileRef = 6E87CE7514C785250094D10C /* OptionsButton@2x.png */; };
		6E87CE7C14C786570094D10C /* IDOptionsViewController.m in Sources */ = {isa = PBXBuildFile; fileRef = 6E87CE7B14C786570094D10C /* IDOptionsViewController.m */; };
		6E87CE8714C788B50094D10C /* OffButtonOff.png in Resources */ = {isa = PBXBuildFile; fileRef = 6E87CE7D14C788B50094D10C /* OffButtonOff.png */; };
		6E87CE8814C788B50094D10C /* OffButtonOff@2x.png in Resources */ = {isa = PBXBuildFile; fileRef = 6E87CE7E14C788B50094D10C /* OffButtonOff@2x.png */; };
		6E87CE8914C788B50094D10C /* OffButtonOn.png in Resources */ = {isa = PBXBuildFile; fileRef = 6E87CE7F14C788B50094D10C /* OffButtonOn.png */; };
		6E87CE8A14C788B50094D10C /* OffButtonOn@2x.png in Resources */ = {isa = PBXBuildFile; fileRef = 6E87CE8014C788B50094D10C /* OffButtonOn@2x.png */; };
		6E87CE8B14C788B50094D10C /* OnButtonOff.png in Resources */ = {isa = PBXBuildFile; fileRef = 6E87CE8114C788B50094D10C /* OnButtonOff.png */; };
		6E87CE8C14C788B50094D10C /* OnButtonOff@2x.png in Resources */ = {isa = PBXBuildFile; fileRef = 6E87CE8214C788B50094D10C /* OnButtonOff@2x.png */; };
		6E87CE8D14C788B50094D10C /* OnButtonOn.png in Resources */ = {isa = PBXBuildFile; fileRef = 6E87CE8314C788B50094D10C /* OnButtonOn.png */; };
		6E87CE8E14C788B50094D10C /* OnButtonOn@2x.png in Resources */ = {isa = PBXBuildFile; fileRef = 6E87CE8414C788B50094D10C /* OnButtonOn@2x.png */; };
		6E87CE8F14C788B50094D10C /* OptionsBackground.png in Resources */ = {isa = PBXBuildFile; fileRef = 6E87CE8514C788B50094D10C /* OptionsBackground.png */; };
		6E87CE9014C788B50094D10C /* OptionsBackground@2x.png in Resources */ = {isa = PBXBuildFile; fileRef = 6E87CE8614C788B50094D10C /* OptionsBackground@2x.png */; };
		6E87CEA814C790770094D10C /* AFHTTPClient.m in Sources */ = {isa = PBXBuildFile; fileRef = 6E87CE9314C790770094D10C /* AFHTTPClient.m */; settings = {COMPILER_FLAGS = "-fno-objc-arc"; }; };
		6E87CEA914C790770094D10C /* AFHTTPRequestOperation.m in Sources */ = {isa = PBXBuildFile; fileRef = 6E87CE9514C790770094D10C /* AFHTTPRequestOperation.m */; settings = {COMPILER_FLAGS = "-fno-objc-arc"; }; };
		6E87CEAA14C790770094D10C /* AFImageCache.m in Sources */ = {isa = PBXBuildFile; fileRef = 6E87CE9714C790770094D10C /* AFImageCache.m */; settings = {COMPILER_FLAGS = "-fno-objc-arc"; }; };
		6E87CEAB14C790770094D10C /* AFImageRequestOperation.m in Sources */ = {isa = PBXBuildFile; fileRef = 6E87CE9914C790770094D10C /* AFImageRequestOperation.m */; settings = {COMPILER_FLAGS = "-fno-objc-arc"; }; };
		6E87CEAC14C790770094D10C /* AFJSONRequestOperation.m in Sources */ = {isa = PBXBuildFile; fileRef = 6E87CE9B14C790770094D10C /* AFJSONRequestOperation.m */; settings = {COMPILER_FLAGS = "-fno-objc-arc"; }; };
		6E87CEAD14C790770094D10C /* AFNetworkActivityIndicatorManager.m in Sources */ = {isa = PBXBuildFile; fileRef = 6E87CE9E14C790770094D10C /* AFNetworkActivityIndicatorManager.m */; settings = {COMPILER_FLAGS = "-fno-objc-arc"; }; };
		6E87CEAE14C790770094D10C /* AFPropertyListRequestOperation.m in Sources */ = {isa = PBXBuildFile; fileRef = 6E87CEA114C790770094D10C /* AFPropertyListRequestOperation.m */; settings = {COMPILER_FLAGS = "-fno-objc-arc"; }; };
		6E87CEAF14C790770094D10C /* AFURLConnectionOperation.m in Sources */ = {isa = PBXBuildFile; fileRef = 6E87CEA314C790770094D10C /* AFURLConnectionOperation.m */; settings = {COMPILER_FLAGS = "-fno-objc-arc"; }; };
		6E87CEB014C790770094D10C /* AFXMLRequestOperation.m in Sources */ = {isa = PBXBuildFile; fileRef = 6E87CEA514C790770094D10C /* AFXMLRequestOperation.m */; settings = {COMPILER_FLAGS = "-fno-objc-arc"; }; };
		6E87CEB114C790770094D10C /* UIImageView+AFNetworking.m in Sources */ = {isa = PBXBuildFile; fileRef = 6E87CEA714C790770094D10C /* UIImageView+AFNetworking.m */; settings = {COMPILER_FLAGS = "-fno-objc-arc"; }; };
/* End PBXBuildFile section */

/* Begin PBXFileReference section */
		1F118C7214D8C2BA00357394 /* UIView+IDAdditions.h */ = {isa = PBXFileReference; fileEncoding = 4; lastKnownFileType = sourcecode.c.h; name = "UIView+IDAdditions.h"; path = "View/UIView+IDAdditions.h"; sourceTree = "<group>"; };
		1F118C7314D8C2BA00357394 /* UIView+IDAdditions.m */ = {isa = PBXFileReference; fileEncoding = 4; lastKnownFileType = sourcecode.c.objc; name = "UIView+IDAdditions.m"; path = "View/UIView+IDAdditions.m"; sourceTree = "<group>"; };
		1F18833314FC89AB009D7831 /* RefreshArrow.png */ = {isa = PBXFileReference; lastKnownFileType = image.png; path = RefreshArrow.png; sourceTree = "<group>"; };
		1F18833414FC89AB009D7831 /* RefreshArrow@2x.png */ = {isa = PBXFileReference; lastKnownFileType = image.png; path = "RefreshArrow@2x.png"; sourceTree = "<group>"; };
		1F18833514FC89AB009D7831 /* RefreshText.png */ = {isa = PBXFileReference; lastKnownFileType = image.png; path = RefreshText.png; sourceTree = "<group>"; };
		1F18833614FC89AB009D7831 /* RefreshText@2x.png */ = {isa = PBXFileReference; lastKnownFileType = image.png; path = "RefreshText@2x.png"; sourceTree = "<group>"; };
		1F458BC014C92FF100BFF25D /* NSData+Base64.h */ = {isa = PBXFileReference; fileEncoding = 4; lastKnownFileType = sourcecode.c.h; path = "NSData+Base64.h"; sourceTree = "<group>"; };
		1F458BC114C92FF100BFF25D /* NSData+Base64.m */ = {isa = PBXFileReference; fileEncoding = 4; lastKnownFileType = sourcecode.c.objc; path = "NSData+Base64.m"; sourceTree = "<group>"; };
		1F458BC214C92FF100BFF25D /* UADeviceManager.h */ = {isa = PBXFileReference; fileEncoding = 4; lastKnownFileType = sourcecode.c.h; path = UADeviceManager.h; sourceTree = "<group>"; };
		1F458BC314C92FF100BFF25D /* UADeviceManager.m */ = {isa = PBXFileReference; fileEncoding = 4; lastKnownFileType = sourcecode.c.objc; path = UADeviceManager.m; sourceTree = "<group>"; };
		1F458BC614C9316600BFF25D /* IDAppModel.h */ = {isa = PBXFileReference; fileEncoding = 4; lastKnownFileType = sourcecode.c.h; name = IDAppModel.h; path = Model/IDAppModel.h; sourceTree = "<group>"; };
		1F458BC714C9316600BFF25D /* IDAppModel.m */ = {isa = PBXFileReference; fileEncoding = 4; lastKnownFileType = sourcecode.c.objc; name = IDAppModel.m; path = Model/IDAppModel.m; sourceTree = "<group>"; };
		1F5D951814C914B6009B2373 /* IDRefreshHeaderView.h */ = {isa = PBXFileReference; fileEncoding = 4; lastKnownFileType = sourcecode.c.h; name = IDRefreshHeaderView.h; path = View/IDRefreshHeaderView.h; sourceTree = "<group>"; };
		1F5D951914C914B6009B2373 /* IDRefreshHeaderView.m */ = {isa = PBXFileReference; fileEncoding = 4; lastKnownFileType = sourcecode.c.objc; name = IDRefreshHeaderView.m; path = View/IDRefreshHeaderView.m; sourceTree = "<group>"; };
		1F959EBC14D0FB0600CEDDF5 /* Avenir Medium.otf */ = {isa = PBXFileReference; lastKnownFileType = file; path = "Avenir Medium.otf"; sourceTree = "<group>"; };
		1F959EBF14D0FCD000CEDDF5 /* Circle.png */ = {isa = PBXFileReference; lastKnownFileType = image.png; path = Circle.png; sourceTree = "<group>"; };
		1F959EC014D0FCD000CEDDF5 /* Circle@2x.png */ = {isa = PBXFileReference; lastKnownFileType = image.png; path = "Circle@2x.png"; sourceTree = "<group>"; };
		1FB1F1E614CB856800D1F40E /* QuartzCore.framework */ = {isa = PBXFileReference; lastKnownFileType = wrapper.framework; name = QuartzCore.framework; path = System/Library/Frameworks/QuartzCore.framework; sourceTree = SDKROOT; };
		1FC168B014D09FBD00A0DC48 /* IDTeamInfo.h */ = {isa = PBXFileReference; fileEncoding = 4; lastKnownFileType = sourcecode.c.h; name = IDTeamInfo.h; path = Model/IDTeamInfo.h; sourceTree = "<group>"; };
		1FC168B114D09FBD00A0DC48 /* IDTeamInfo.m */ = {isa = PBXFileReference; fileEncoding = 4; lastKnownFileType = sourcecode.c.objc; name = IDTeamInfo.m; path = Model/IDTeamInfo.m; sourceTree = "<group>"; };
		1FC168B414D0A23400A0DC48 /* IDPlayerInfo.h */ = {isa = PBXFileReference; fileEncoding = 4; lastKnownFileType = sourcecode.c.h; name = IDPlayerInfo.h; path = Model/IDPlayerInfo.h; sourceTree = "<group>"; };
		1FC168B514D0A23400A0DC48 /* IDPlayerInfo.m */ = {isa = PBXFileReference; fileEncoding = 4; lastKnownFileType = sourcecode.c.objc; name = IDPlayerInfo.m; path = Model/IDPlayerInfo.m; sourceTree = "<group>"; };
		1FD845A414FF1F0100DD90C2 /* Reds.png */ = {isa = PBXFileReference; lastKnownFileType = image.png; path = Reds.png; sourceTree = "<group>"; };
		1FD845A514FF1F0100DD90C2 /* Reds@2x.png */ = {isa = PBXFileReference; lastKnownFileType = image.png; path = "Reds@2x.png"; sourceTree = "<group>"; };
		1FE247D514C9060000CBF975 /* BackgroundScroll.png */ = {isa = PBXFileReference; lastKnownFileType = image.png; path = BackgroundScroll.png; sourceTree = "<group>"; };
		1FE247D614C9060000CBF975 /* BackgroundScroll@2x.png */ = {isa = PBXFileReference; lastKnownFileType = image.png; path = "BackgroundScroll@2x.png"; sourceTree = "<group>"; };
		505666A314BE91F400B77812 /* LineUp.app */ = {isa = PBXFileReference; explicitFileType = wrapper.application; includeInIndex = 0; path = LineUp.app; sourceTree = BUILT_PRODUCTS_DIR; };
		505666A714BE91F400B77812 /* UIKit.framework */ = {isa = PBXFileReference; lastKnownFileType = wrapper.framework; name = UIKit.framework; path = System/Library/Frameworks/UIKit.framework; sourceTree = SDKROOT; };
		505666A914BE91F400B77812 /* Foundation.framework */ = {isa = PBXFileReference; lastKnownFileType = wrapper.framework; name = Foundation.framework; path = System/Library/Frameworks/Foundation.framework; sourceTree = SDKROOT; };
		505666AB14BE91F400B77812 /* CoreGraphics.framework */ = {isa = PBXFileReference; lastKnownFileType = wrapper.framework; name = CoreGraphics.framework; path = System/Library/Frameworks/CoreGraphics.framework; sourceTree = SDKROOT; };
		505666AF14BE91F400B77812 /* LineUp-Info.plist */ = {isa = PBXFileReference; lastKnownFileType = text.plist.xml; path = "LineUp-Info.plist"; sourceTree = "<group>"; };
		505666B114BE91F400B77812 /* en */ = {isa = PBXFileReference; lastKnownFileType = text.plist.strings; name = en; path = en.lproj/InfoPlist.strings; sourceTree = "<group>"; };
		505666B314BE91F400B77812 /* main.m */ = {isa = PBXFileReference; lastKnownFileType = sourcecode.c.objc; path = main.m; sourceTree = "<group>"; };
		505666B514BE91F400B77812 /* LineUp-Prefix.pch */ = {isa = PBXFileReference; lastKnownFileType = sourcecode.c.h; path = "LineUp-Prefix.pch"; sourceTree = "<group>"; };
		505666B614BE91F400B77812 /* IDAppDelegate.h */ = {isa = PBXFileReference; lastKnownFileType = sourcecode.c.h; path = IDAppDelegate.h; sourceTree = "<group>"; };
		505666B714BE91F400B77812 /* IDAppDelegate.m */ = {isa = PBXFileReference; lastKnownFileType = sourcecode.c.objc; path = IDAppDelegate.m; sourceTree = "<group>"; };
		505666BA14BE91F400B77812 /* en */ = {isa = PBXFileReference; lastKnownFileType = file.storyboard; name = en; path = en.lproj/MainStoryboard.storyboard; sourceTree = "<group>"; };
		6E87CE5D14C782A70094D10C /* IDLineupViewController.h */ = {isa = PBXFileReference; fileEncoding = 4; lastKnownFileType = sourcecode.c.h; path = IDLineupViewController.h; sourceTree = "<group>"; };
		6E87CE5E14C782A70094D10C /* IDLineupViewController.m */ = {isa = PBXFileReference; fileEncoding = 4; lastKnownFileType = sourcecode.c.objc; path = IDLineupViewController.m; sourceTree = "<group>"; };
		6E87CE6114C782A70094D10C /* JOURNAL.TTF */ = {isa = PBXFileReference; lastKnownFileType = file; path = JOURNAL.TTF; sourceTree = "<group>"; };
		6E87CE6A14C782EA0094D10C /* Default@2x.png */ = {isa = PBXFileReference; lastKnownFileType = image.png; path = "Default@2x.png"; sourceTree = "<group>"; };
		6E87CE6B14C782EA0094D10C /* Icon@2x.png */ = {isa = PBXFileReference; lastKnownFileType = image.png; path = "Icon@2x.png"; sourceTree = "<group>"; };
		6E87CE6E14C7851E0094D10C /* Default.png */ = {isa = PBXFileReference; lastKnownFileType = image.png; path = Default.png; sourceTree = "<group>"; };
		6E87CE6F14C7851E0094D10C /* Icon.png */ = {isa = PBXFileReference; lastKnownFileType = image.png; path = Icon.png; sourceTree = "<group>"; };
		6E87CE7214C785250094D10C /* Background.png */ = {isa = PBXFileReference; lastKnownFileType = image.png; path = Background.png; sourceTree = "<group>"; };
		6E87CE7314C785250094D10C /* Background@2x.png */ = {isa = PBXFileReference; lastKnownFileType = image.png; path = "Background@2x.png"; sourceTree = "<group>"; };
		6E87CE7414C785250094D10C /* OptionsButton.png */ = {isa = PBXFileReference; lastKnownFileType = image.png; path = OptionsButton.png; sourceTree = "<group>"; };
		6E87CE7514C785250094D10C /* OptionsButton@2x.png */ = {isa = PBXFileReference; lastKnownFileType = image.png; path = "OptionsButton@2x.png"; sourceTree = "<group>"; };
		6E87CE7A14C786570094D10C /* IDOptionsViewController.h */ = {isa = PBXFileReference; fileEncoding = 4; lastKnownFileType = sourcecode.c.h; path = IDOptionsViewController.h; sourceTree = "<group>"; };
		6E87CE7B14C786570094D10C /* IDOptionsViewController.m */ = {isa = PBXFileReference; fileEncoding = 4; lastKnownFileType = sourcecode.c.objc; path = IDOptionsViewController.m; sourceTree = "<group>"; };
		6E87CE7D14C788B50094D10C /* OffButtonOff.png */ = {isa = PBXFileReference; lastKnownFileType = image.png; path = OffButtonOff.png; sourceTree = "<group>"; };
		6E87CE7E14C788B50094D10C /* OffButtonOff@2x.png */ = {isa = PBXFileReference; lastKnownFileType = image.png; path = "OffButtonOff@2x.png"; sourceTree = "<group>"; };
		6E87CE7F14C788B50094D10C /* OffButtonOn.png */ = {isa = PBXFileReference; lastKnownFileType = image.png; path = OffButtonOn.png; sourceTree = "<group>"; };
		6E87CE8014C788B50094D10C /* OffButtonOn@2x.png */ = {isa = PBXFileReference; lastKnownFileType = image.png; path = "OffButtonOn@2x.png"; sourceTree = "<group>"; };
		6E87CE8114C788B50094D10C /* OnButtonOff.png */ = {isa = PBXFileReference; lastKnownFileType = image.png; path = OnButtonOff.png; sourceTree = "<group>"; };
		6E87CE8214C788B50094D10C /* OnButtonOff@2x.png */ = {isa = PBXFileReference; lastKnownFileType = image.png; path = "OnButtonOff@2x.png"; sourceTree = "<group>"; };
		6E87CE8314C788B50094D10C /* OnButtonOn.png */ = {isa = PBXFileReference; lastKnownFileType = image.png; path = OnButtonOn.png; sourceTree = "<group>"; };
		6E87CE8414C788B50094D10C /* OnButtonOn@2x.png */ = {isa = PBXFileReference; lastKnownFileType = image.png; path = "OnButtonOn@2x.png"; sourceTree = "<group>"; };
		6E87CE8514C788B50094D10C /* OptionsBackground.png */ = {isa = PBXFileReference; lastKnownFileType = image.png; path = OptionsBackground.png; sourceTree = "<group>"; };
		6E87CE8614C788B50094D10C /* OptionsBackground@2x.png */ = {isa = PBXFileReference; lastKnownFileType = image.png; path = "OptionsBackground@2x.png"; sourceTree = "<group>"; };
		6E87CE9214C790770094D10C /* AFHTTPClient.h */ = {isa = PBXFileReference; fileEncoding = 4; lastKnownFileType = sourcecode.c.h; path = AFHTTPClient.h; sourceTree = "<group>"; };
		6E87CE9314C790770094D10C /* AFHTTPClient.m */ = {isa = PBXFileReference; fileEncoding = 4; lastKnownFileType = sourcecode.c.objc; path = AFHTTPClient.m; sourceTree = "<group>"; };
		6E87CE9414C790770094D10C /* AFHTTPRequestOperation.h */ = {isa = PBXFileReference; fileEncoding = 4; lastKnownFileType = sourcecode.c.h; path = AFHTTPRequestOperation.h; sourceTree = "<group>"; };
		6E87CE9514C790770094D10C /* AFHTTPRequestOperation.m */ = {isa = PBXFileReference; fileEncoding = 4; lastKnownFileType = sourcecode.c.objc; path = AFHTTPRequestOperation.m; sourceTree = "<group>"; };
		6E87CE9614C790770094D10C /* AFImageCache.h */ = {isa = PBXFileReference; fileEncoding = 4; lastKnownFileType = sourcecode.c.h; path = AFImageCache.h; sourceTree = "<group>"; };
		6E87CE9714C790770094D10C /* AFImageCache.m */ = {isa = PBXFileReference; fileEncoding = 4; lastKnownFileType = sourcecode.c.objc; path = AFImageCache.m; sourceTree = "<group>"; };
		6E87CE9814C790770094D10C /* AFImageRequestOperation.h */ = {isa = PBXFileReference; fileEncoding = 4; lastKnownFileType = sourcecode.c.h; path = AFImageRequestOperation.h; sourceTree = "<group>"; };
		6E87CE9914C790770094D10C /* AFImageRequestOperation.m */ = {isa = PBXFileReference; fileEncoding = 4; lastKnownFileType = sourcecode.c.objc; path = AFImageRequestOperation.m; sourceTree = "<group>"; };
		6E87CE9A14C790770094D10C /* AFJSONRequestOperation.h */ = {isa = PBXFileReference; fileEncoding = 4; lastKnownFileType = sourcecode.c.h; path = AFJSONRequestOperation.h; sourceTree = "<group>"; };
		6E87CE9B14C790770094D10C /* AFJSONRequestOperation.m */ = {isa = PBXFileReference; fileEncoding = 4; lastKnownFileType = sourcecode.c.objc; path = AFJSONRequestOperation.m; sourceTree = "<group>"; };
		6E87CE9C14C790770094D10C /* AFJSONUtilities.h */ = {isa = PBXFileReference; fileEncoding = 4; lastKnownFileType = sourcecode.c.h; path = AFJSONUtilities.h; sourceTree = "<group>"; };
		6E87CE9D14C790770094D10C /* AFNetworkActivityIndicatorManager.h */ = {isa = PBXFileReference; fileEncoding = 4; lastKnownFileType = sourcecode.c.h; path = AFNetworkActivityIndicatorManager.h; sourceTree = "<group>"; };
		6E87CE9E14C790770094D10C /* AFNetworkActivityIndicatorManager.m */ = {isa = PBXFileReference; fileEncoding = 4; lastKnownFileType = sourcecode.c.objc; path = AFNetworkActivityIndicatorManager.m; sourceTree = "<group>"; };
		6E87CE9F14C790770094D10C /* AFNetworking.h */ = {isa = PBXFileReference; fileEncoding = 4; lastKnownFileType = sourcecode.c.h; path = AFNetworking.h; sourceTree = "<group>"; };
		6E87CEA014C790770094D10C /* AFPropertyListRequestOperation.h */ = {isa = PBXFileReference; fileEncoding = 4; lastKnownFileType = sourcecode.c.h; path = AFPropertyListRequestOperation.h; sourceTree = "<group>"; };
		6E87CEA114C790770094D10C /* AFPropertyListRequestOperation.m */ = {isa = PBXFileReference; fileEncoding = 4; lastKnownFileType = sourcecode.c.objc; path = AFPropertyListRequestOperation.m; sourceTree = "<group>"; };
		6E87CEA214C790770094D10C /* AFURLConnectionOperation.h */ = {isa = PBXFileReference; fileEncoding = 4; lastKnownFileType = sourcecode.c.h; path = AFURLConnectionOperation.h; sourceTree = "<group>"; };
		6E87CEA314C790770094D10C /* AFURLConnectionOperation.m */ = {isa = PBXFileReference; fileEncoding = 4; lastKnownFileType = sourcecode.c.objc; path = AFURLConnectionOperation.m; sourceTree = "<group>"; };
		6E87CEA414C790770094D10C /* AFXMLRequestOperation.h */ = {isa = PBXFileReference; fileEncoding = 4; lastKnownFileType = sourcecode.c.h; path = AFXMLRequestOperation.h; sourceTree = "<group>"; };
		6E87CEA514C790770094D10C /* AFXMLRequestOperation.m */ = {isa = PBXFileReference; fileEncoding = 4; lastKnownFileType = sourcecode.c.objc; path = AFXMLRequestOperation.m; sourceTree = "<group>"; };
		6E87CEA614C790770094D10C /* UIImageView+AFNetworking.h */ = {isa = PBXFileReference; fileEncoding = 4; lastKnownFileType = sourcecode.c.h; path = "UIImageView+AFNetworking.h"; sourceTree = "<group>"; };
		6E87CEA714C790770094D10C /* UIImageView+AFNetworking.m */ = {isa = PBXFileReference; fileEncoding = 4; lastKnownFileType = sourcecode.c.objc; path = "UIImageView+AFNetworking.m"; sourceTree = "<group>"; };
/* End PBXFileReference section */

/* Begin PBXFrameworksBuildPhase section */
		505666A014BE91F400B77812 /* Frameworks */ = {
			isa = PBXFrameworksBuildPhase;
			buildActionMask = 2147483647;
			files = (
				1FB1F1E714CB856800D1F40E /* QuartzCore.framework in Frameworks */,
				505666A814BE91F400B77812 /* UIKit.framework in Frameworks */,
				505666AA14BE91F400B77812 /* Foundation.framework in Frameworks */,
				505666AC14BE91F400B77812 /* CoreGraphics.framework in Frameworks */,
			);
			runOnlyForDeploymentPostprocessing = 0;
		};
/* End PBXFrameworksBuildPhase section */

/* Begin PBXGroup section */
		1F458BBD14C92CD000BFF25D /* Utility */ = {
			isa = PBXGroup;
			children = (
				1F458BBF14C92FF100BFF25D /* UrbanAirship */,
			);
			name = Utility;
			sourceTree = "<group>";
		};
		1F458BBF14C92FF100BFF25D /* UrbanAirship */ = {
			isa = PBXGroup;
			children = (
				1F458BC014C92FF100BFF25D /* NSData+Base64.h */,
				1F458BC114C92FF100BFF25D /* NSData+Base64.m */,
				1F458BC214C92FF100BFF25D /* UADeviceManager.h */,
				1F458BC314C92FF100BFF25D /* UADeviceManager.m */,
			);
			name = UrbanAirship;
			path = Utility/UrbanAirship;
			sourceTree = "<group>";
		};
		1F5D951614C9148B009B2373 /* View */ = {
			isa = PBXGroup;
			children = (
				1F5D951814C914B6009B2373 /* IDRefreshHeaderView.h */,
				1F5D951914C914B6009B2373 /* IDRefreshHeaderView.m */,
				1F118C7214D8C2BA00357394 /* UIView+IDAdditions.h */,
				1F118C7314D8C2BA00357394 /* UIView+IDAdditions.m */,
			);
			name = View;
			sourceTree = "<group>";
		};
		1F5D951714C91491009B2373 /* Model */ = {
			isa = PBXGroup;
			children = (
				1F458BC614C9316600BFF25D /* IDAppModel.h */,
				1F458BC714C9316600BFF25D /* IDAppModel.m */,
				1FC168B014D09FBD00A0DC48 /* IDTeamInfo.h */,
				1FC168B114D09FBD00A0DC48 /* IDTeamInfo.m */,
				1FC168B414D0A23400A0DC48 /* IDPlayerInfo.h */,
				1FC168B514D0A23400A0DC48 /* IDPlayerInfo.m */,
			);
			name = Model;
			sourceTree = "<group>";
		};
		5056669814BE91F400B77812 = {
			isa = PBXGroup;
			children = (
				505666AD14BE91F400B77812 /* LineUp */,
				505666A614BE91F400B77812 /* Frameworks */,
				505666A414BE91F400B77812 /* Products */,
			);
			sourceTree = "<group>";
		};
		505666A414BE91F400B77812 /* Products */ = {
			isa = PBXGroup;
			children = (
				505666A314BE91F400B77812 /* LineUp.app */,
			);
			name = Products;
			sourceTree = "<group>";
		};
		505666A614BE91F400B77812 /* Frameworks */ = {
			isa = PBXGroup;
			children = (
				1FB1F1E614CB856800D1F40E /* QuartzCore.framework */,
				505666A714BE91F400B77812 /* UIKit.framework */,
				505666A914BE91F400B77812 /* Foundation.framework */,
				505666AB14BE91F400B77812 /* CoreGraphics.framework */,
			);
			name = Frameworks;
			sourceTree = "<group>";
		};
		505666AD14BE91F400B77812 /* LineUp */ = {
			isa = PBXGroup;
			children = (
				6E87CE5C14C782A70094D10C /* Classes */,
				6E87CE5F14C782A70094D10C /* Resources */,
				505666B614BE91F400B77812 /* IDAppDelegate.h */,
				505666B714BE91F400B77812 /* IDAppDelegate.m */,
				505666B914BE91F400B77812 /* MainStoryboard.storyboard */,
				505666AE14BE91F400B77812 /* Supporting Files */,
			);
			path = LineUp;
			sourceTree = "<group>";
		};
		505666AE14BE91F400B77812 /* Supporting Files */ = {
			isa = PBXGroup;
			children = (
				505666AF14BE91F400B77812 /* LineUp-Info.plist */,
				505666B014BE91F400B77812 /* InfoPlist.strings */,
				505666B314BE91F400B77812 /* main.m */,
				505666B514BE91F400B77812 /* LineUp-Prefix.pch */,
			);
			name = "Supporting Files";
			sourceTree = "<group>";
		};
		6E87CE5C14C782A70094D10C /* Classes */ = {
			isa = PBXGroup;
			children = (
				1F458BBD14C92CD000BFF25D /* Utility */,
				1F5D951714C91491009B2373 /* Model */,
				1F5D951614C9148B009B2373 /* View */,
				6E87CE9114C790770094D10C /* AFNetworking */,
				6E87CE5D14C782A70094D10C /* IDLineupViewController.h */,
				6E87CE5E14C782A70094D10C /* IDLineupViewController.m */,
				6E87CE7A14C786570094D10C /* IDOptionsViewController.h */,
				6E87CE7B14C786570094D10C /* IDOptionsViewController.m */,
			);
			path = Classes;
			sourceTree = "<group>";
		};
		6E87CE5F14C782A70094D10C /* Resources */ = {
			isa = PBXGroup;
			children = (
				6E87CE6014C782A70094D10C /* Fonts */,
				6E87CE6214C782A70094D10C /* Images */,
				6E87CE6514C782A70094D10C /* System */,
			);
			path = Resources;
			sourceTree = "<group>";
		};
		6E87CE6014C782A70094D10C /* Fonts */ = {
			isa = PBXGroup;
			children = (
				6E87CE6114C782A70094D10C /* JOURNAL.TTF */,
				1F959EBC14D0FB0600CEDDF5 /* Avenir Medium.otf */,
			);
			path = Fonts;
			sourceTree = "<group>";
		};
		6E87CE6214C782A70094D10C /* Images */ = {
			isa = PBXGroup;
			children = (
				6E87CE7214C785250094D10C /* Background.png */,
				6E87CE7314C785250094D10C /* Background@2x.png */,
				1FE247D514C9060000CBF975 /* BackgroundScroll.png */,
				1FE247D614C9060000CBF975 /* BackgroundScroll@2x.png */,
				1FD845A414FF1F0100DD90C2 /* Reds.png */,
				1FD845A514FF1F0100DD90C2 /* Reds@2x.png */,
				6E87CE7414C785250094D10C /* OptionsButton.png */,
				6E87CE7514C785250094D10C /* OptionsButton@2x.png */,
				6E87CE7D14C788B50094D10C /* OffButtonOff.png */,
				6E87CE7E14C788B50094D10C /* OffButtonOff@2x.png */,
				6E87CE7F14C788B50094D10C /* OffButtonOn.png */,
				6E87CE8014C788B50094D10C /* OffButtonOn@2x.png */,
				6E87CE8114C788B50094D10C /* OnButtonOff.png */,
				6E87CE8214C788B50094D10C /* OnButtonOff@2x.png */,
				6E87CE8314C788B50094D10C /* OnButtonOn.png */,
				6E87CE8414C788B50094D10C /* OnButtonOn@2x.png */,
				6E87CE8514C788B50094D10C /* OptionsBackground.png */,
				6E87CE8614C788B50094D10C /* OptionsBackground@2x.png */,
				1F959EBF14D0FCD000CEDDF5 /* Circle.png */,
				1F959EC014D0FCD000CEDDF5 /* Circle@2x.png */,
				1F18833314FC89AB009D7831 /* RefreshArrow.png */,
				1F18833414FC89AB009D7831 /* RefreshArrow@2x.png */,
				1F18833514FC89AB009D7831 /* RefreshText.png */,
				1F18833614FC89AB009D7831 /* RefreshText@2x.png */,
			);
			path = Images;
			sourceTree = "<group>";
		};
		6E87CE6514C782A70094D10C /* System */ = {
			isa = PBXGroup;
			children = (
				6E87CE6A14C782EA0094D10C /* Default@2x.png */,
				6E87CE6B14C782EA0094D10C /* Icon@2x.png */,
				6E87CE6E14C7851E0094D10C /* Default.png */,
				6E87CE6F14C7851E0094D10C /* Icon.png */,
			);
			path = System;
			sourceTree = "<group>";
		};
		6E87CE9114C790770094D10C /* AFNetworking */ = {
			isa = PBXGroup;
			children = (
				6E87CE9214C790770094D10C /* AFHTTPClient.h */,
				6E87CE9314C790770094D10C /* AFHTTPClient.m */,
				6E87CE9414C790770094D10C /* AFHTTPRequestOperation.h */,
				6E87CE9514C790770094D10C /* AFHTTPRequestOperation.m */,
				6E87CE9614C790770094D10C /* AFImageCache.h */,
				6E87CE9714C790770094D10C /* AFImageCache.m */,
				6E87CE9814C790770094D10C /* AFImageRequestOperation.h */,
				6E87CE9914C790770094D10C /* AFImageRequestOperation.m */,
				6E87CE9A14C790770094D10C /* AFJSONRequestOperation.h */,
				6E87CE9B14C790770094D10C /* AFJSONRequestOperation.m */,
				6E87CE9C14C790770094D10C /* AFJSONUtilities.h */,
				6E87CE9D14C790770094D10C /* AFNetworkActivityIndicatorManager.h */,
				6E87CE9E14C790770094D10C /* AFNetworkActivityIndicatorManager.m */,
				6E87CE9F14C790770094D10C /* AFNetworking.h */,
				6E87CEA014C790770094D10C /* AFPropertyListRequestOperation.h */,
				6E87CEA114C790770094D10C /* AFPropertyListRequestOperation.m */,
				6E87CEA214C790770094D10C /* AFURLConnectionOperation.h */,
				6E87CEA314C790770094D10C /* AFURLConnectionOperation.m */,
				6E87CEA414C790770094D10C /* AFXMLRequestOperation.h */,
				6E87CEA514C790770094D10C /* AFXMLRequestOperation.m */,
				6E87CEA614C790770094D10C /* UIImageView+AFNetworking.h */,
				6E87CEA714C790770094D10C /* UIImageView+AFNetworking.m */,
			);
			path = AFNetworking;
			sourceTree = "<group>";
		};
/* End PBXGroup section */

/* Begin PBXNativeTarget section */
		505666A214BE91F400B77812 /* LineUp */ = {
			isa = PBXNativeTarget;
			buildConfigurationList = 505666C114BE91F400B77812 /* Build configuration list for PBXNativeTarget "LineUp" */;
			buildPhases = (
				5056669F14BE91F400B77812 /* Sources */,
				505666A014BE91F400B77812 /* Frameworks */,
				505666A114BE91F400B77812 /* Resources */,
			);
			buildRules = (
			);
			dependencies = (
			);
			name = LineUp;
			productName = LineUp;
			productReference = 505666A314BE91F400B77812 /* LineUp.app */;
			productType = "com.apple.product-type.application";
		};
/* End PBXNativeTarget section */

/* Begin PBXProject section */
		5056669A14BE91F400B77812 /* Project object */ = {
			isa = PBXProject;
			attributes = {
				LastUpgradeCheck = 0430;
			};
			buildConfigurationList = 5056669D14BE91F400B77812 /* Build configuration list for PBXProject "LineUp" */;
			compatibilityVersion = "Xcode 3.2";
			developmentRegion = English;
			hasScannedForEncodings = 0;
			knownRegions = (
				en,
			);
			mainGroup = 5056669814BE91F400B77812;
			productRefGroup = 505666A414BE91F400B77812 /* Products */;
			projectDirPath = "";
			projectRoot = "";
			targets = (
				505666A214BE91F400B77812 /* LineUp */,
			);
		};
/* End PBXProject section */

/* Begin PBXResourcesBuildPhase section */
		505666A114BE91F400B77812 /* Resources */ = {
			isa = PBXResourcesBuildPhase;
			buildActionMask = 2147483647;
			files = (
				505666B214BE91F400B77812 /* InfoPlist.strings in Resources */,
				505666BB14BE91F400B77812 /* MainStoryboard.storyboard in Resources */,
				6E87CE6714C782A70094D10C /* JOURNAL.TTF in Resources */,
				6E87CE6C14C782EA0094D10C /* Default@2x.png in Resources */,
				6E87CE6D14C782EA0094D10C /* Icon@2x.png in Resources */,
				6E87CE7014C7851E0094D10C /* Default.png in Resources */,
				6E87CE7114C7851E0094D10C /* Icon.png in Resources */,
				6E87CE7614C785250094D10C /* Background.png in Resources */,
				6E87CE7714C785250094D10C /* Background@2x.png in Resources */,
				6E87CE7814C785250094D10C /* OptionsButton.png in Resources */,
				6E87CE7914C785250094D10C /* OptionsButton@2x.png in Resources */,
				6E87CE8714C788B50094D10C /* OffButtonOff.png in Resources */,
				6E87CE8814C788B50094D10C /* OffButtonOff@2x.png in Resources */,
				6E87CE8914C788B50094D10C /* OffButtonOn.png in Resources */,
				6E87CE8A14C788B50094D10C /* OffButtonOn@2x.png in Resources */,
				6E87CE8B14C788B50094D10C /* OnButtonOff.png in Resources */,
				6E87CE8C14C788B50094D10C /* OnButtonOff@2x.png in Resources */,
				6E87CE8D14C788B50094D10C /* OnButtonOn.png in Resources */,
				6E87CE8E14C788B50094D10C /* OnButtonOn@2x.png in Resources */,
				6E87CE8F14C788B50094D10C /* OptionsBackground.png in Resources */,
				6E87CE9014C788B50094D10C /* OptionsBackground@2x.png in Resources */,
				1FE247D714C9060000CBF975 /* BackgroundScroll.png in Resources */,
				1FE247D814C9060000CBF975 /* BackgroundScroll@2x.png in Resources */,
				1F959EBD14D0FB0600CEDDF5 /* Avenir Medium.otf in Resources */,
				1F959EC114D0FCD000CEDDF5 /* Circle.png in Resources */,
				1F959EC214D0FCD000CEDDF5 /* Circle@2x.png in Resources */,
				1F18833714FC89AB009D7831 /* RefreshArrow.png in Resources */,
				1F18833814FC89AB009D7831 /* RefreshArrow@2x.png in Resources */,
				1F18833914FC89AB009D7831 /* RefreshText.png in Resources */,
				1F18833A14FC89AB009D7831 /* RefreshText@2x.png in Resources */,
				1FD845A614FF1F0100DD90C2 /* Reds.png in Resources */,
				1FD845A714FF1F0100DD90C2 /* Reds@2x.png in Resources */,
			);
			runOnlyForDeploymentPostprocessing = 0;
		};
/* End PBXResourcesBuildPhase section */

/* Begin PBXSourcesBuildPhase section */
		5056669F14BE91F400B77812 /* Sources */ = {
			isa = PBXSourcesBuildPhase;
			buildActionMask = 2147483647;
			files = (
				505666B414BE91F400B77812 /* main.m in Sources */,
				505666B814BE91F400B77812 /* IDAppDelegate.m in Sources */,
				6E87CE6614C782A70094D10C /* IDLineupViewController.m in Sources */,
				6E87CE7C14C786570094D10C /* IDOptionsViewController.m in Sources */,
				6E87CEA814C790770094D10C /* AFHTTPClient.m in Sources */,
				6E87CEA914C790770094D10C /* AFHTTPRequestOperation.m in Sources */,
				6E87CEAA14C790770094D10C /* AFImageCache.m in Sources */,
				6E87CEAB14C790770094D10C /* AFImageRequestOperation.m in Sources */,
				6E87CEAC14C790770094D10C /* AFJSONRequestOperation.m in Sources */,
				6E87CEAD14C790770094D10C /* AFNetworkActivityIndicatorManager.m in Sources */,
				6E87CEAE14C790770094D10C /* AFPropertyListRequestOperation.m in Sources */,
				6E87CEAF14C790770094D10C /* AFURLConnectionOperation.m in Sources */,
				6E87CEB014C790770094D10C /* AFXMLRequestOperation.m in Sources */,
				6E87CEB114C790770094D10C /* UIImageView+AFNetworking.m in Sources */,
				1F5D951A14C914B6009B2373 /* IDRefreshHeaderView.m in Sources */,
				1F458BC414C92FF100BFF25D /* NSData+Base64.m in Sources */,
				1F458BC514C92FF100BFF25D /* UADeviceManager.m in Sources */,
				1F458BC814C9316600BFF25D /* IDAppModel.m in Sources */,
				1FC168B214D09FBD00A0DC48 /* IDTeamInfo.m in Sources */,
				1FC168B614D0A23400A0DC48 /* IDPlayerInfo.m in Sources */,
				1F118C7414D8C2BA00357394 /* UIView+IDAdditions.m in Sources */,
			);
			runOnlyForDeploymentPostprocessing = 0;
		};
/* End PBXSourcesBuildPhase section */

/* Begin PBXVariantGroup section */
		505666B014BE91F400B77812 /* InfoPlist.strings */ = {
			isa = PBXVariantGroup;
			children = (
				505666B114BE91F400B77812 /* en */,
			);
			name = InfoPlist.strings;
			sourceTree = "<group>";
		};
		505666B914BE91F400B77812 /* MainStoryboard.storyboard */ = {
			isa = PBXVariantGroup;
			children = (
				505666BA14BE91F400B77812 /* en */,
			);
			name = MainStoryboard.storyboard;
			sourceTree = "<group>";
		};
/* End PBXVariantGroup section */

/* Begin XCBuildConfiguration section */
		505666BF14BE91F400B77812 /* Debug */ = {
			isa = XCBuildConfiguration;
			buildSettings = {
				ALWAYS_SEARCH_USER_PATHS = NO;
				ARCHS = "$(ARCHS_STANDARD_32_BIT)";
				CLANG_ENABLE_OBJC_ARC = YES;
				"CODE_SIGN_IDENTITY[sdk=iphoneos*]" = "iPhone Developer";
				COPY_PHASE_STRIP = NO;
				GCC_C_LANGUAGE_STANDARD = gnu99;
				GCC_DYNAMIC_NO_PIC = NO;
				GCC_OPTIMIZATION_LEVEL = 0;
				GCC_PREPROCESSOR_DEFINITIONS = (
					"DEBUG=1",
					"$(inherited)",
				);
				GCC_SYMBOLS_PRIVATE_EXTERN = NO;
				GCC_THUMB_SUPPORT = NO;
				GCC_VERSION = com.apple.compilers.llvm.clang.1_0;
				GCC_WARN_ABOUT_MISSING_PROTOTYPES = YES;
				GCC_WARN_ABOUT_RETURN_TYPE = YES;
				GCC_WARN_UNUSED_VARIABLE = YES;
				IPHONEOS_DEPLOYMENT_TARGET = 5.0;
				SDKROOT = iphoneos;
			};
			name = Debug;
		};
		505666C014BE91F400B77812 /* Release */ = {
			isa = XCBuildConfiguration;
			buildSettings = {
				ALWAYS_SEARCH_USER_PATHS = NO;
				ARCHS = "$(ARCHS_STANDARD_32_BIT)";
				CLANG_ENABLE_OBJC_ARC = YES;
				"CODE_SIGN_IDENTITY[sdk=iphoneos*]" = "iPhone Developer";
				COPY_PHASE_STRIP = YES;
				GCC_C_LANGUAGE_STANDARD = gnu99;
				GCC_THUMB_SUPPORT = NO;
				GCC_VERSION = com.apple.compilers.llvm.clang.1_0;
				GCC_WARN_ABOUT_MISSING_PROTOTYPES = YES;
				GCC_WARN_ABOUT_RETURN_TYPE = YES;
				GCC_WARN_UNUSED_VARIABLE = YES;
				IPHONEOS_DEPLOYMENT_TARGET = 5.0;
				OTHER_CFLAGS = "-DNS_BLOCK_ASSERTIONS=1";
				SDKROOT = iphoneos;
				VALIDATE_PRODUCT = YES;
			};
			name = Release;
		};
		505666C214BE91F400B77812 /* Debug */ = {
			isa = XCBuildConfiguration;
			buildSettings = {
				GCC_PRECOMPILE_PREFIX_HEADER = YES;
				GCC_PREFIX_HEADER = "LineUp/LineUp-Prefix.pch";
				GCC_THUMB_SUPPORT = NO;
				INFOPLIST_FILE = "LineUp/LineUp-Info.plist";
				PRODUCT_NAME = "$(TARGET_NAME)";
				WRAPPER_EXTENSION = app;
			};
			name = Debug;
		};
		505666C314BE91F400B77812 /* Release */ = {
			isa = XCBuildConfiguration;
			buildSettings = {
				"CODE_SIGN_IDENTITY[sdk=iphoneos*]" = "iPhone Distribution";
				GCC_PRECOMPILE_PREFIX_HEADER = YES;
				GCC_PREFIX_HEADER = "LineUp/LineUp-Prefix.pch";
				GCC_PREPROCESSOR_DEFINITIONS = "DEBUG=1";
				GCC_THUMB_SUPPORT = NO;
				INFOPLIST_FILE = "LineUp/LineUp-Info.plist";
				PRODUCT_NAME = "$(TARGET_NAME)";
				"PROVISIONING_PROFILE[sdk=iphoneos*]" = "";
				WRAPPER_EXTENSION = app;
			};
			name = Release;
		};
/* End XCBuildConfiguration section */

/* Begin XCConfigurationList section */
		5056669D14BE91F400B77812 /* Build configuration list for PBXProject "LineUp" */ = {
			isa = XCConfigurationList;
			buildConfigurations = (
				505666BF14BE91F400B77812 /* Debug */,
				505666C014BE91F400B77812 /* Release */,
			);
			defaultConfigurationIsVisible = 0;
			defaultConfigurationName = Release;
		};
		505666C114BE91F400B77812 /* Build configuration list for PBXNativeTarget "LineUp" */ = {
			isa = XCConfigurationList;
			buildConfigurations = (
				505666C214BE91F400B77812 /* Debug */,
				505666C314BE91F400B77812 /* Release */,
			);
			defaultConfigurationIsVisible = 0;
			defaultConfigurationName = Release;
		};
/* End XCConfigurationList section */
	};
	rootObject = 5056669A14BE91F400B77812 /* Project object */;
}
